
Microsoft Visual Studio Solution File, Format Version 12.00
# Visual Studio 2013
VisualStudioVersion = 12.0.31101.0
MinimumVisualStudioVersion = 10.0.40219.1
Project("{FAE04EC0-301F-11D3-BF4B-00C04F79EFBC}") = "TwoZeroThreeK", "TwoZeroThreeK\TwoZeroThreeK.csproj", "{69E974C0-90A2-49DB-B8DC-D0E16B515534}"
EndProject
Project("{FAE04EC0-301F-11D3-BF4B-00C04F79EFBC}") = "TwoZeroThreeK.Tests", "TwoZeroThreeK.Tests\TwoZeroThreeK.Tests.csproj", "{D96B0B05-2738-4043-B7A1-5D311A95F8E5}"
EndProject
Global
	GlobalSection(SolutionConfigurationPlatforms) = preSolution
		Debug|Any CPU = Debug|Any CPU
		Release|Any CPU = Release|Any CPU
	EndGlobalSection
	GlobalSection(ProjectConfigurationPlatforms) = postSolution
		{69E974C0-90A2-49DB-B8DC-D0E16B515534}.Debug|Any CPU.ActiveCfg = Debug|Any CPU
		{69E974C0-90A2-49DB-B8DC-D0E16B515534}.Debug|Any CPU.Build.0 = Debug|Any CPU
		{69E974C0-90A2-49DB-B8DC-D0E16B515534}.Release|Any CPU.ActiveCfg = Release|Any CPU
		{69E974C0-90A2-49DB-B8DC-D0E16B515534}.Release|Any CPU.Build.0 = Release|Any CPU
		{D96B0B05-2738-4043-B7A1-5D311A95F8E5}.Debug|Any CPU.ActiveCfg = Debug|Any CPU
		{D96B0B05-2738-4043-B7A1-5D311A95F8E5}.Debug|Any CPU.Build.0 = Debug|Any CPU
		{D96B0B05-2738-4043-B7A1-5D311A95F8E5}.Release|Any CPU.ActiveCfg = Release|Any CPU
		{D96B0B05-2738-4043-B7A1-5D311A95F8E5}.Release|Any CPU.Build.0 = Release|Any CPU
	EndGlobalSection
	GlobalSection(SolutionProperties) = preSolution
		HideSolutionNode = FALSE
	EndGlobalSection
EndGlobal
